
Microsoft Visual Studio Solution File, Format Version 12.00
# Visual Studio Version 16
VisualStudioVersion = 16.0.30907.101
MinimumVisualStudioVersion = 10.0.40219.1
Project("{FAE04EC0-301F-11D3-BF4B-00C04F79EFBC}") = "CourseList_Demo", "CourseList_Demo\CourseList_Demo.csproj", "{05D5DA41-C2A6-4993-92F9-C27A31AAF819}"
EndProject
Global
	GlobalSection(SolutionConfigurationPlatforms) = preSolution
		Debug|Any CPU = Debug|Any CPU
		Release|Any CPU = Release|Any CPU
	EndGlobalSection
	GlobalSection(ProjectConfigurationPlatforms) = postSolution
		{05D5DA41-C2A6-4993-92F9-C27A31AAF819}.Debug|Any CPU.ActiveCfg = Debug|Any CPU
		{05D5DA41-C2A6-4993-92F9-C27A31AAF819}.Debug|Any CPU.Build.0 = Debug|Any CPU
		{05D5DA41-C2A6-4993-92F9-C27A31AAF819}.Release|Any CPU.ActiveCfg = Release|Any CPU
		{05D5DA41-C2A6-4993-92F9-C27A31AAF819}.Release|Any CPU.Build.0 = Release|Any CPU
	EndGlobalSection
	GlobalSection(SolutionProperties) = preSolution
		HideSolutionNode = FALSE
	EndGlobalSection
	GlobalSection(ExtensibilityGlobals) = postSolution
		SolutionGuid = {2DE9473F-6062-4EF5-B0A7-2F10B63D2EB1}
	EndGlobalSection
EndGlobal
